
Microsoft Visual Studio Solution File, Format Version 12.00
# Visual Studio Version 17
VisualStudioVersion = 17.1.32319.34
MinimumVisualStudioVersion = 10.0.40219.1
Project("{FAE04EC0-301F-11D3-BF4B-00C04F79EFBC}") = "MVP", "MVP\MVP.csproj", "{DD801DAF-686A-4777-8C2E-1275EE48D62E}"
EndProject
Global
	GlobalSection(SolutionConfigurationPlatforms) = preSolution
		Debug|Any CPU = Debug|Any CPU
		Release|Any CPU = Release|Any CPU
	EndGlobalSection
	GlobalSection(ProjectConfigurationPlatforms) = postSolution
		{DD801DAF-686A-4777-8C2E-1275EE48D62E}.Debug|Any CPU.ActiveCfg = Debug|Any CPU
		{DD801DAF-686A-4777-8C2E-1275EE48D62E}.Debug|Any CPU.Build.0 = Debug|Any CPU
		{DD801DAF-686A-4777-8C2E-1275EE48D62E}.Release|Any CPU.ActiveCfg = Release|Any CPU
		{DD801DAF-686A-4777-8C2E-1275EE48D62E}.Release|Any CPU.Build.0 = Release|Any CPU
	EndGlobalSection
	GlobalSection(SolutionProperties) = preSolution
		HideSolutionNode = FALSE
	EndGlobalSection
	GlobalSection(ExtensibilityGlobals) = postSolution
		SolutionGuid = {9DEB631E-3CA5-43C0-A3DB-B525FA14813E}
	EndGlobalSection
EndGlobal
